dependencies:
- name: gluon
  repository: oci://registry1.dso.mil/bigbang
  version: 0.9.7
- name: velero
  repository: https://vmware-tanzu.github.io/helm-charts
  version: 11.3.2
- name: bb-common
  repository: oci://registry1.dso.mil/bigbang
  version: 0.14.0
digest: sha256:6cfec4df1f266e490e24f6da93fd0c92d47270db505a69c4aa88770a0699682d
generated: "2026-02-05T15:52:40.078741013Z"
