dependencies:
- name: gluon
  repository: oci://registry1.dso.mil/bigbang
  version: 0.9.8
- name: velero
  repository: https://vmware-tanzu.github.io/helm-charts
  version: 12.0.0
- name: bb-common
  repository: oci://registry1.dso.mil/bigbang
  version: 0.14.1
digest: sha256:757e613e9d64d8b550d520cfef13de57c1c835a901ef286aaea854825fe9faee
generated: "2026-03-24T06:31:32.432660441Z"
